
Microsoft Visual Studio Solution File, Format Version 12.00
# Visual Studio Version 17
VisualStudioVersion = 17.1.32319.34
MinimumVisualStudioVersion = 10.0.40219.1
Project("{9A19103F-16F7-4668-BE54-9A1E7A4F7556}") = "Weihnachtsbaum", "NAdelbaum 2\Weihnachtsbaum.csproj", "{6C9EC5B5-3C57-43B1-8EC7-E53BA5086805}"
EndProject
Global
	GlobalSection(SolutionConfigurationPlatforms) = preSolution
		Debug|Any CPU = Debug|Any CPU
		Release|Any CPU = Release|Any CPU
	EndGlobalSection
	GlobalSection(ProjectConfigurationPlatforms) = postSolution
		{6C9EC5B5-3C57-43B1-8EC7-E53BA5086805}.Debug|Any CPU.ActiveCfg = Debug|Any CPU
		{6C9EC5B5-3C57-43B1-8EC7-E53BA5086805}.Debug|Any CPU.Build.0 = Debug|Any CPU
		{6C9EC5B5-3C57-43B1-8EC7-E53BA5086805}.Release|Any CPU.ActiveCfg = Release|Any CPU
		{6C9EC5B5-3C57-43B1-8EC7-E53BA5086805}.Release|Any CPU.Build.0 = Release|Any CPU
	EndGlobalSection
	GlobalSection(SolutionProperties) = preSolution
		HideSolutionNode = FALSE
	EndGlobalSection
	GlobalSection(ExtensibilityGlobals) = postSolution
		SolutionGuid = {133C0EA5-C62F-4605-9B6D-A42991928E6D}
	EndGlobalSection
EndGlobal
